Microsoft Visual Studio Solution File, Format Version 12.00
# Visual Studio Version 17
VisualStudioVersion = 17.5.2.0
MinimumVisualStudioVersion = 10.0.40219.1
Project("{FAE04EC0-301F-11D3-BF4B-00C04F79EFBC}") = "Setup_Server_Config_Files", "Setup_Server_Config_Files.csproj", "{FBBD0BB9-CE1E-AB0D-D148-47D8B6DE3029}"
EndProject
Global
	GlobalSection(SolutionConfigurationPlatforms) = preSolution
		Debug|Any CPU = Debug|Any CPU
		Release|Any CPU = Release|Any CPU
	EndGlobalSection
	GlobalSection(ProjectConfigurationPlatforms) = postSolution
		{FBBD0BB9-CE1E-AB0D-D148-47D8B6DE3029}.Debug|Any CPU.ActiveCfg = Debug|Any CPU
		{FBBD0BB9-CE1E-AB0D-D148-47D8B6DE3029}.Debug|Any CPU.Build.0 = Debug|Any CPU
		{FBBD0BB9-CE1E-AB0D-D148-47D8B6DE3029}.Release|Any CPU.ActiveCfg = Release|Any CPU
		{FBBD0BB9-CE1E-AB0D-D148-47D8B6DE3029}.Release|Any CPU.Build.0 = Release|Any CPU
	EndGlobalSection
	GlobalSection(SolutionProperties) = preSolution
		HideSolutionNode = FALSE
	EndGlobalSection
	GlobalSection(ExtensibilityGlobals) = postSolution
		SolutionGuid = {828ADF97-F26A-4308-A2C5-F44ECF6CBEE9}
	EndGlobalSection
EndGlobal
