Microsoft Visual Studio Solution File, Format Version 12.00
# Visual Studio Version 17
VisualStudioVersion = 17.5.2.0
MinimumVisualStudioVersion = 10.0.40219.1
Project("{FAE04EC0-301F-11D3-BF4B-00C04F79EFBC}") = "Execution_UI", "Execution_UI.csproj", "{379C2E3D-06A9-60C8-02F8-AD2E420607EE}"
EndProject
Global
	GlobalSection(SolutionConfigurationPlatforms) = preSolution
		Debug|Any CPU = Debug|Any CPU
		Release|Any CPU = Release|Any CPU
	EndGlobalSection
	GlobalSection(ProjectConfigurationPlatforms) = postSolution
		{379C2E3D-06A9-60C8-02F8-AD2E420607EE}.Debug|Any CPU.ActiveCfg = Debug|Any CPU
		{379C2E3D-06A9-60C8-02F8-AD2E420607EE}.Debug|Any CPU.Build.0 = Debug|Any CPU
		{379C2E3D-06A9-60C8-02F8-AD2E420607EE}.Release|Any CPU.ActiveCfg = Release|Any CPU
		{379C2E3D-06A9-60C8-02F8-AD2E420607EE}.Release|Any CPU.Build.0 = Release|Any CPU
	EndGlobalSection
	GlobalSection(SolutionProperties) = preSolution
		HideSolutionNode = FALSE
	EndGlobalSection
	GlobalSection(ExtensibilityGlobals) = postSolution
		SolutionGuid = {1F0A3660-F450-40E7-96A8-D645BE1E8D67}
	EndGlobalSection
EndGlobal
